// !$*UTF8*$!
{
	archiveVersion = 1;
	classes = {
	};
	objectVersion = 77;
	objects = {

/* Begin PBXContainerItemProxy section */
		E0DD3A4F2D674DC2003204CB /* PBXContainerItemProxy */ = {
			isa = PBXContainerItemProxy;
			containerPortal = E0DD3A362D674DC0003204CB /* Project object */;
			proxyType = 1;
			remoteGlobalIDString = E0DD3A3D2D674DC0003204CB;
			remoteInfo = drehknopp;
		};
		E0DD3A592D674DC2003204CB /* PBXContainerItemProxy */ = {
			isa = PBXContainerItemProxy;
			containerPortal = E0DD3A362D674DC0003204CB /* Project object */;
			proxyType = 1;
			remoteGlobalIDString = E0DD3A3D2D674DC0003204CB;
			remoteInfo = drehknopp;
		};
/* End PBXContainerItemProxy section */

/* Begin PBXFileReference section */
		E0DD3A3E2D674DC0003204CB /* drehknopp.app */ = {isa = PBXFileReference; explicitFileType = wrapper.application; includeInIndex = 0; path = drehknopp.app; sourceTree = BUILT_PRODUCTS_DIR; };
		E0DD3A4E2D674DC2003204CB /* drehknoppTests.xctest */ = {isa = PBXFileReference; explicitFileType = wrapper.cfbundle; includeInIndex = 0; path = drehknoppTests.xctest; sourceTree = BUILT_PRODUCTS_DIR; };
		E0DD3A582D674DC2003204CB /* drehknoppUITests.xctest */ = {isa = PBXFileReference; explicitFileType = wrapper.cfbundle; includeInIndex = 0; path = drehknoppUITests.xctest; sourceTree = BUILT_PRODUCTS_DIR; };
/* End PBXFileReference section */

/* Begin PBXFileSystemSynchronizedBuildFileExceptionSet section */
		E06DF1C12D6CE2DD0091C067 /* Exceptions for "drehknopp" folder in "drehknopp" target */ = {
			isa = PBXFileSystemSynchronizedBuildFileExceptionSet;
			membershipExceptions = (
				Info.plist,
			);
			target = E0DD3A3D2D674DC0003204CB /* drehknopp */;
		};
/* End PBXFileSystemSynchronizedBuildFileExceptionSet section */

/* Begin PBXFileSystemSynchronizedRootGroup section */
		E0DD3A402D674DC0003204CB /* drehknopp */ = {
			isa = PBXFileSystemSynchronizedRootGroup;
			exceptions = (
				E06DF1C12D6CE2DD0091C067 /* Exceptions for "drehknopp" folder in "drehknopp" target */,
			);
			path = drehknopp;
			sourceTree = "<group>";
		};
		E0DD3A512D674DC2003204CB /* drehknoppTests */ = {
			isa = PBXFileSystemSynchronizedRootGroup;
			path = drehknoppTests;
			sourceTree = "<group>";
		};
		E0DD3A5B2D674DC2003204CB /* drehknoppUITests */ = {
			isa = PBXFileSystemSynchronizedRootGroup;
			path = drehknoppUITests;
			sourceTree = "<group>";
		};
/* End PBXFileSystemSynchronizedRootGroup section */

/* Begin PBXFrameworksBuildPhase section */
		E0DD3A3B2D674DC0003204CB /* Frameworks */ = {
			isa = PBXFrameworksBuildPhase;
			buildActionMask = 2147483647;
			files = (
			);
			runOnlyForDeploymentPostprocessing = 0;
		};
		E0DD3A4B2D674DC2003204CB /* Frameworks */ = {
			isa = PBXFrameworksBuildPhase;
			buildActionMask = 2147483647;
			files = (
			);
			runOnlyForDeploymentPostprocessing = 0;
		};
		E0DD3A552D674DC2003204CB /* Frameworks */ = {
			isa = PBXFrameworksBuildPhase;
			buildActionMask = 2147483647;
			files = (
			);
			runOnlyForDeploymentPostprocessing = 0;
		};
/* End PBXFrameworksBuildPhase section */

/* Begin PBXGroup section */
		E0DD3A352D674DC0003204CB = {
			isa = PBXGroup;
			children = (
				E0DD3A402D674DC0003204CB /* drehknopp */,
				E0DD3A512D674DC2003204CB /* drehknoppTests */,
				E0DD3A5B2D674DC2003204CB /* drehknoppUITests */,
				E0DD3A3F2D674DC0003204CB /* Products */,
			);
			sourceTree = "<group>";
		};
		E0DD3A3F2D674DC0003204CB /* Products */ = {
			isa = PBXGroup;
			children = (
				E0DD3A3E2D674DC0003204CB /* drehknopp.app */,
				E0DD3A4E2D674DC2003204CB /* drehknoppTests.xctest */,
				E0DD3A582D674DC2003204CB /* drehknoppUITests.xctest */,
			);
			name = Products;
			sourceTree = "<group>";
		};
/* End PBXGroup section */

/* Begin PBXNativeTarget section */
		E0DD3A3D2D674DC0003204CB /* drehknopp */ = {
			isa = PBXNativeTarget;
			buildConfigurationList = E0DD3A622D674DC2003204CB /* Build configuration list for PBXNativeTarget "drehknopp" */;
			buildPhases = (
				E0DD3A3A2D674DC0003204CB /* Sources */,
				E0DD3A3B2D674DC0003204CB /* Frameworks */,
				E0DD3A3C2D674DC0003204CB /* Resources */,
			);
			buildRules = (
			);
			dependencies = (
			);
			fileSystemSynchronizedGroups = (
				E0DD3A402D674DC0003204CB /* drehknopp */,
			);
			name = drehknopp;
			packageProductDependencies = (
			);
			productName = drehknopp;
			productReference = E0DD3A3E2D674DC0003204CB /* drehknopp.app */;
			productType = "com.apple.product-type.application";
		};
		E0DD3A4D2D674DC2003204CB /* drehknoppTests */ = {
			isa = PBXNativeTarget;
			buildConfigurationList = E0DD3A652D674DC2003204CB /* Build configuration list for PBXNativeTarget "drehknoppTests" */;
			buildPhases = (
				E0DD3A4A2D674DC2003204CB /* Sources */,
				E0DD3A4B2D674DC2003204CB /* Frameworks */,
				E0DD3A4C2D674DC2003204CB /* Resources */,
			);
			buildRules = (
			);
			dependencies = (
				E0DD3A502D674DC2003204CB /* PBXTargetDependency */,
			);
			fileSystemSynchronizedGroups = (
				E0DD3A512D674DC2003204CB /* drehknoppTests */,
			);
			name = drehknoppTests;
			packageProductDependencies = (
			);
			productName = drehknoppTests;
			productReference = E0DD3A4E2D674DC2003204CB /* drehknoppTests.xctest */;
			productType = "com.apple.product-type.bundle.unit-test";
		};
		E0DD3A572D674DC2003204CB /* drehknoppUITests */ = {
			isa = PBXNativeTarget;
			buildConfigurationList = E0DD3A682D674DC2003204CB /* Build configuration list for PBXNativeTarget "drehknoppUITests" */;
			buildPhases = (
				E0DD3A542D674DC2003204CB /* Sources */,
				E0DD3A552D674DC2003204CB /* Frameworks */,
				E0DD3A562D674DC2003204CB /* Resources */,
			);
			buildRules = (
			);
			dependencies = (
				E0DD3A5A2D674DC2003204CB /* PBXTargetDependency */,
			);
			fileSystemSynchronizedGroups = (
				E0DD3A5B2D674DC2003204CB /* drehknoppUITests */,
			);
			name = drehknoppUITests;
			packageProductDependencies = (
			);
			productName = drehknoppUITests;
			productReference = E0DD3A582D674DC2003204CB /* drehknoppUITests.xctest */;
			productType = "com.apple.product-type.bundle.ui-testing";
		};
/* End PBXNativeTarget section */

/* Begin PBXProject section */
		E0DD3A362D674DC0003204CB /* Project object */ = {
			isa = PBXProject;
			attributes = {
				BuildIndependentTargetsInParallel = 1;
				LastSwiftUpdateCheck = 1620;
				LastUpgradeCheck = 1620;
				TargetAttributes = {
					E0DD3A3D2D674DC0003204CB = {
						CreatedOnToolsVersion = 16.2;
					};
					E0DD3A4D2D674DC2003204CB = {
						CreatedOnToolsVersion = 16.2;
						TestTargetID = E0DD3A3D2D674DC0003204CB;
					};
					E0DD3A572D674DC2003204CB = {
						CreatedOnToolsVersion = 16.2;
						TestTargetID = E0DD3A3D2D674DC0003204CB;
					};
				};
			};
			buildConfigurationList = E0DD3A392D674DC0003204CB /* Build configuration list for PBXProject "drehknopp" */;
			developmentRegion = en;
			hasScannedForEncodings = 0;
			knownRegions = (
				en,
				Base,
			);
			mainGroup = E0DD3A352D674DC0003204CB;
			minimizedProjectReferenceProxies = 1;
			preferredProjectObjectVersion = 77;
			productRefGroup = E0DD3A3F2D674DC0003204CB /* Products */;
			projectDirPath = "";
			projectRoot = "";
			targets = (
				E0DD3A3D2D674DC0003204CB /* drehknopp */,
				E0DD3A4D2D674DC2003204CB /* drehknoppTests */,
				E0DD3A572D674DC2003204CB /* drehknoppUITests */,
			);
		};
/* End PBXProject section */

/* Begin PBXResourcesBuildPhase section */
		E0DD3A3C2D674DC0003204CB /* Resources */ = {
			isa = PBXResourcesBuildPhase;
			buildActionMask = 2147483647;
			files = (
			);
			runOnlyForDeploymentPostprocessing = 0;
		};
		E0DD3A4C2D674DC2003204CB /* Resources */ = {
			isa = PBXResourcesBuildPhase;
			buildActionMask = 2147483647;
			files = (
			);
			runOnlyForDeploymentPostprocessing = 0;
		};
		E0DD3A562D674DC2003204CB /* Resources */ = {
			isa = PBXResourcesBuildPhase;
			buildActionMask = 2147483647;
			files = (
			);
			runOnlyForDeploymentPostprocessing = 0;
		};
/* End PBXResourcesBuildPhase section */

/* Begin PBXSourcesBuildPhase section */
		E0DD3A3A2D674DC0003204CB /* Sources */ = {
			isa = PBXSourcesBuildPhase;
			buildActionMask = 2147483647;
			files = (
			);
			runOnlyForDeploymentPostprocessing = 0;
		};
		E0DD3A4A2D674DC2003204CB /* Sources */ = {
			isa = PBXSourcesBuildPhase;
			buildActionMask = 2147483647;
			files = (
			);
			runOnlyForDeploymentPostprocessing = 0;
		};
		E0DD3A542D674DC2003204CB /* Sources */ = {
			isa = PBXSourcesBuildPhase;
			buildActionMask = 2147483647;
			files = (
			);
			runOnlyForDeploymentPostprocessing = 0;
		};
/* End PBXSourcesBuildPhase section */

/* Begin PBXTargetDependency section */
		E0DD3A502D674DC2003204CB /* PBXTargetDependency */ = {
			isa = PBXTargetDependency;
			target = E0DD3A3D2D674DC0003204CB /* drehknopp */;
			targetProxy = E0DD3A4F2D674DC2003204CB /* PBXContainerItemProxy */;
		};
		E0DD3A5A2D674DC2003204CB /* PBXTargetDependency */ = {
			isa = PBXTargetDependency;
			target = E0DD3A3D2D674DC0003204CB /* drehknopp */;
			targetProxy = E0DD3A592D674DC2003204CB /* PBXContainerItemProxy */;
		};
/* End PBXTargetDependency section */

/* Begin XCBuildConfiguration section */
		E0DD3A602D674DC2003204CB /* Debug */ = {
			isa = XCBuildConfiguration;
			buildSettings = {
				ALWAYS_SEARCH_USER_PATHS = NO;
				ASSETCATALOG_COMPILER_GENERATE_SWIFT_ASSET_SYMBOL_EXTENSIONS = YES;
				CLANG_ANALYZER_NONNULL = YES;
				CLANG_ANALYZER_NUMBER_OBJECT_CONVERSION = YES_AGGRESSIVE;
				CLANG_CXX_LANGUAGE_STANDARD = "gnu++20";
				CLANG_ENABLE_MODULES = YES;
				CLANG_ENABLE_OBJC_ARC = YES;
				CLANG_ENABLE_OBJC_WEAK = YES;
				CLANG_WARN_BLOCK_CAPTURE_AUTORELEASING = YES;
				CLANG_WARN_BOOL_CONVERSION = YES;
				CLANG_WARN_COMMA = YES;
				CLANG_WARN_CONSTANT_CONVERSION = YES;
				CLANG_WARN_DEPRECATED_OBJC_IMPLEMENTATIONS = YES;
				CLANG_WARN_DIRECT_OBJC_ISA_USAGE = YES_ERROR;
				CLANG_WARN_DOCUMENTATION_COMMENTS = YES;
				CLANG_WARN_EMPTY_BODY = YES;
				CLANG_WARN_ENUM_CONVERSION = YES;
				CLANG_WARN_INFINITE_RECURSION = YES;
				CLANG_WARN_INT_CONVERSION = YES;
				CLANG_WARN_NON_LITERAL_NULL_CONVERSION = YES;
				CLANG_WARN_OBJC_IMPLICIT_RETAIN_SELF = YES;
				CLANG_WARN_OBJC_LITERAL_CONVERSION = YES;
				CLANG_WARN_OBJC_ROOT_CLASS = YES_ERROR;
				CLANG_WARN_QUOTED_INCLUDE_IN_FRAMEWORK_HEADER = YES;
				CLANG_WARN_RANGE_LOOP_ANALYSIS = YES;
				CLANG_WARN_STRICT_PROTOTYPES = YES;
				CLANG_WARN_SUSPICIOUS_MOVE = YES;
				CLANG_WARN_UNGUARDED_AVAILABILITY = YES_AGGRESSIVE;
				CLANG_WARN_UNREACHABLE_CODE = YES;
				CLANG_WARN__DUPLICATE_METHOD_MATCH = YES;
				COPY_PHASE_STRIP = NO;
				DEBUG_INFORMATION_FORMAT = dwarf;
				ENABLE_STRICT_OBJC_MSGSEND = YES;
				ENABLE_TESTABILITY = YES;
				ENABLE_USER_SCRIPT_SANDBOXING = YES;
				GCC_C_LANGUAGE_STANDARD = gnu17;
				GCC_DYNAMIC_NO_PIC = NO;
				GCC_NO_COMMON_BLOCKS = YES;
				GCC_OPTIMIZATION_LEVEL = 0;
				GCC_PREPROCESSOR_DEFINITIONS = (
					"DEBUG=1",
					"$(inherited)",
				);
				GCC_WARN_64_TO_32_BIT_CONVERSION = YES;
				GCC_WARN_ABOUT_RETURN_TYPE = YES_ERROR;
				GCC_WARN_UNDECLARED_SELECTOR = YES;
				GCC_WARN_UNINITIALIZED_AUTOS = YES_AGGRESSIVE;
				GCC_WARN_UNUSED_FUNCTION = YES;
				GCC_WARN_UNUSED_VARIABLE = YES;
				IPHONEOS_DEPLOYMENT_TARGET = 18.2;
				LOCALIZATION_PREFERS_STRING_CATALOGS = YES;
				MTL_ENABLE_DEBUG_INFO = INCLUDE_SOURCE;
				MTL_FAST_MATH = YES;
				ONLY_ACTIVE_ARCH = YES;
				SDKROOT = iphoneos;
				SWIFT_ACTIVE_COMPILATION_CONDITIONS = "DEBUG $(inherited)";
				SWIFT_OPTIMIZATION_LEVEL = "-Onone";
			};
			name = Debug;
		};
		E0DD3A612D674DC2003204CB /* Release */ = {
			isa = XCBuildConfiguration;
			buildSettings = {
				ALWAYS_SEARCH_USER_PATHS = NO;
				ASSETCATALOG_COMPILER_GENERATE_SWIFT_ASSET_SYMBOL_EXTENSIONS = YES;
				CLANG_ANALYZER_NONNULL = YES;
				CLANG_ANALYZER_NUMBER_OBJECT_CONVERSION = YES_AGGRESSIVE;
				CLANG_CXX_LANGUAGE_STANDARD = "gnu++20";
				CLANG_ENABLE_MODULES = YES;
				CLANG_ENABLE_OBJC_ARC = YES;
				CLANG_ENABLE_OBJC_WEAK = YES;
				CLANG_WARN_BLOCK_CAPTURE_AUTORELEASING = YES;
				CLANG_WARN_BOOL_CONVERSION = YES;
				CLANG_WARN_COMMA = YES;
				CLANG_WARN_CONSTANT_CONVERSION = YES;
				CLANG_WARN_DEPRECATED_OBJC_IMPLEMENTATIONS = YES;
				CLANG_WARN_DIRECT_OBJC_ISA_USAGE = YES_ERROR;
				CLANG_WARN_DOCUMENTATION_COMMENTS = YES;
				CLANG_WARN_EMPTY_BODY = YES;
				CLANG_WARN_ENUM_CONVERSION = YES;
				CLANG_WARN_INFINITE_RECURSION = YES;
				CLANG_WARN_INT_CONVERSION = YES;
				CLANG_WARN_NON_LITERAL_NULL_CONVERSION = YES;
				CLANG_WARN_OBJC_IMPLICIT_RETAIN_SELF = YES;
				CLANG_WARN_OBJC_LITERAL_CONVERSION = YES;
				CLANG_WARN_OBJC_ROOT_CLASS = YES_ERROR;
				CLANG_WARN_QUOTED_INCLUDE_IN_FRAMEWORK_HEADER = YES;
				CLANG_WARN_RANGE_LOOP_ANALYSIS = YES;
				CLANG_WARN_STRICT_PROTOTYPES = YES;
				CLANG_WARN_SUSPICIOUS_MOVE = YES;
				CLANG_WARN_UNGUARDED_AVAILABILITY = YES_AGGRESSIVE;
				CLANG_WARN_UNREACHABLE_CODE = YES;
				CLANG_WARN__DUPLICATE_METHOD_MATCH = YES;
				COPY_PHASE_STRIP = NO;
				DEBUG_INFORMATION_FORMAT = "dwarf-with-dsym";
				ENABLE_NS_ASSERTIONS = NO;
				ENABLE_STRICT_OBJC_MSGSEND = YES;
				ENABLE_USER_SCRIPT_SANDBOXING = YES;
				GCC_C_LANGUAGE_STANDARD = gnu17;
				GCC_NO_COMMON_BLOCKS = YES;
				GCC_WARN_64_TO_32_BIT_CONVERSION = YES;
				GCC_WARN_ABOUT_RETURN_TYPE = YES_ERROR;
				GCC_WARN_UNDECLARED_SELECTOR = YES;
				GCC_WARN_UNINITIALIZED_AUTOS = YES_AGGRESSIVE;
				GCC_WARN_UNUSED_FUNCTION = YES;
				GCC_WARN_UNUSED_VARIABLE = YES;
				IPHONEOS_DEPLOYMENT_TARGET = 18.2;
				LOCALIZATION_PREFERS_STRING_CATALOGS = YES;
				MTL_ENABLE_DEBUG_INFO = NO;
				MTL_FAST_MATH = YES;
				SDKROOT = iphoneos;
				SWIFT_COMPILATION_MODE = wholemodule;
				VALIDATE_PRODUCT = YES;
			};
			name = Release;
		};
		E0DD3A632D674DC2003204CB /* Debug */ = {
			isa = XCBuildConfiguration;
			buildSettings = {
				ASSETCATALOG_COMPILER_APPICON_NAME = AppIcon;
				ASSETCATALOG_COMPILER_GLOBAL_ACCENT_COLOR_NAME = AccentColor;
				ASSETCATALOG_COMPILER_INCLUDE_ALL_APPICON_ASSETS = NO;
				CODE_SIGN_STYLE = Automatic;
				CURRENT_PROJECT_VERSION = 1;
				DEVELOPMENT_ASSET_PATHS = "\"drehknopp/Preview Content\"";
				DEVELOPMENT_TEAM = FGKDX7VV89;
				ENABLE_PREVIEWS = YES;
				GENERATE_INFOPLIST_FILE = YES;
				INFOPLIST_FILE = drehknopp/Info.plist;
				INFOPLIST_KEY_CFBundleDisplayName = drehknopp;
				INFOPLIST_KEY_UIApplicationSceneManifest_Generation = YES;
				INFOPLIST_KEY_UIApplicationSupportsIndirectInputEvents = YES;
				INFOPLIST_KEY_UILaunchStoryboardName = "";
				INFOPLIST_KEY_UISupportedInterfaceOrientations = UIInterfaceOrientationPortrait;
				INFOPLIST_KEY_UISupportedInterfaceOrientations_iPad = "UIInterfaceOrientationLandscapeLeft UIInterfaceOrientationLandscapeRight UIInterfaceOrientationPortrait UIInterfaceOrientationPortraitUpsideDown";
				LD_RUNPATH_SEARCH_PATHS = (
					"$(inherited)",
					"@executable_path/Frameworks",
				);
				MARKETING_VERSION = 1.0;
				PRODUCT_BUNDLE_IDENTIFIER = fdis.drehknopp;
				PRODUCT_NAME = "$(TARGET_NAME)";
				SWIFT_EMIT_LOC_STRINGS = YES;
				SWIFT_VERSION = 5.0;
				TARGETED_DEVICE_FAMILY = "1,2";
			};
			name = Debug;
		};
		E0DD3A642D674DC2003204CB /* Release */ = {
			isa = XCBuildConfiguration;
			buildSettings = {
				ASSETCATALOG_COMPILER_APPICON_NAME = AppIcon;
				ASSETCATALOG_COMPILER_GLOBAL_ACCENT_COLOR_NAME = AccentColor;
				ASSETCATALOG_COMPILER_INCLUDE_ALL_APPICON_ASSETS = NO;
				CODE_SIGN_STYLE = Automatic;
				CURRENT_PROJECT_VERSION = 1;
				DEVELOPMENT_ASSET_PATHS = "\"drehknopp/Preview Content\"";
				DEVELOPMENT_TEAM = FGKDX7VV89;
				ENABLE_PREVIEWS = YES;
				GENERATE_INFOPLIST_FILE = YES;
				INFOPLIST_FILE = drehknopp/Info.plist;
				INFOPLIST_KEY_CFBundleDisplayName = drehknopp;
				INFOPLIST_KEY_UIApplicationSceneManifest_Generation = YES;
				INFOPLIST_KEY_UIApplicationSupportsIndirectInputEvents = YES;
				INFOPLIST_KEY_UILaunchStoryboardName = "";
				INFOPLIST_KEY_UISupportedInterfaceOrientations = UIInterfaceOrientationPortrait;
				INFOPLIST_KEY_UISupportedInterfaceOrientations_iPad = "UIInterfaceOrientationLandscapeLeft UIInterfaceOrientationLandscapeRight UIInterfaceOrientationPortrait UIInterfaceOrientationPortraitUpsideDown";
				LD_RUNPATH_SEARCH_PATHS = (
					"$(inherited)",
					"@executable_path/Frameworks",
				);
				MARKETING_VERSION = 1.0;
				PRODUCT_BUNDLE_IDENTIFIER = fdis.drehknopp;
				PRODUCT_NAME = "$(TARGET_NAME)";
				SWIFT_EMIT_LOC_STRINGS = YES;
				SWIFT_VERSION = 5.0;
				TARGETED_DEVICE_FAMILY = "1,2";
			};
			name = Release;
		};
		E0DD3A662D674DC2003204CB /* Debug */ = {
			isa = XCBuildConfiguration;
			buildSettings = {
				BUNDLE_LOADER = "$(TEST_HOST)";
				CODE_SIGN_STYLE = Automatic;
				CURRENT_PROJECT_VERSION = 1;
				GENERATE_INFOPLIST_FILE = YES;
				IPHONEOS_DEPLOYMENT_TARGET = 18.2;
				MARKETING_VERSION = 1.0;
				PRODUCT_BUNDLE_IDENTIFIER = fdis.drehknoppTests;
				PRODUCT_NAME = "$(TARGET_NAME)";
				SWIFT_EMIT_LOC_STRINGS = NO;
				SWIFT_VERSION = 5.0;
				TARGETED_DEVICE_FAMILY = "1,2";
				TEST_HOST = "$(BUILT_PRODUCTS_DIR)/drehknopp.app/$(BUNDLE_EXECUTABLE_FOLDER_PATH)/drehknopp";
			};
			name = Debug;
		};
		E0DD3A672D674DC2003204CB /* Release */ = {
			isa = XCBuildConfiguration;
			buildSettings = {
				BUNDLE_LOADER = "$(TEST_HOST)";
				CODE_SIGN_STYLE = Automatic;
				CURRENT_PROJECT_VERSION = 1;
				GENERATE_INFOPLIST_FILE = YES;
				IPHONEOS_DEPLOYMENT_TARGET = 18.2;
				MARKETING_VERSION = 1.0;
				PRODUCT_BUNDLE_IDENTIFIER = fdis.drehknoppTests;
				PRODUCT_NAME = "$(TARGET_NAME)";
				SWIFT_EMIT_LOC_STRINGS = NO;
				SWIFT_VERSION = 5.0;
				TARGETED_DEVICE_FAMILY = "1,2";
				TEST_HOST = "$(BUILT_PRODUCTS_DIR)/drehknopp.app/$(BUNDLE_EXECUTABLE_FOLDER_PATH)/drehknopp";
			};
			name = Release;
		};
		E0DD3A692D674DC2003204CB /* Debug */ = {
			isa = XCBuildConfiguration;
			buildSettings = {
				CODE_SIGN_STYLE = Automatic;
				CURRENT_PROJECT_VERSION = 1;
				GENERATE_INFOPLIST_FILE = YES;
				MARKETING_VERSION = 1.0;
				PRODUCT_BUNDLE_IDENTIFIER = fdis.drehknoppUITests;
				PRODUCT_NAME = "$(TARGET_NAME)";
				SWIFT_EMIT_LOC_STRINGS = NO;
				SWIFT_VERSION = 5.0;
				TARGETED_DEVICE_FAMILY = "1,2";
				TEST_TARGET_NAME = drehknopp;
			};
			name = Debug;
		};
		E0DD3A6A2D674DC2003204CB /* Release */ = {
			isa = XCBuildConfiguration;
			buildSettings = {
				CODE_SIGN_STYLE = Automatic;
				CURRENT_PROJECT_VERSION = 1;
				GENERATE_INFOPLIST_FILE = YES;
				MARKETING_VERSION = 1.0;
				PRODUCT_BUNDLE_IDENTIFIER = fdis.drehknoppUITests;
				PRODUCT_NAME = "$(TARGET_NAME)";
				SWIFT_EMIT_LOC_STRINGS = NO;
				SWIFT_VERSION = 5.0;
				TARGETED_DEVICE_FAMILY = "1,2";
				TEST_TARGET_NAME = drehknopp;
			};
			name = Release;
		};
/* End XCBuildConfiguration section */

/* Begin XCConfigurationList section */
		E0DD3A392D674DC0003204CB /* Build configuration list for PBXProject "drehknopp" */ = {
			isa = XCConfigurationList;
			buildConfigurations = (
				E0DD3A602D674DC2003204CB /* Debug */,
				E0DD3A612D674DC2003204CB /* Release */,
			);
			defaultConfigurationIsVisible = 0;
			defaultConfigurationName = Release;
		};
		E0DD3A622D674DC2003204CB /* Build configuration list for PBXNativeTarget "drehknopp" */ = {
			isa = XCConfigurationList;
			buildConfigurations = (
				E0DD3A632D674DC2003204CB /* Debug */,
				E0DD3A642D674DC2003204CB /* Release */,
			);
			defaultConfigurationIsVisible = 0;
			defaultConfigurationName = Release;
		};
		E0DD3A652D674DC2003204CB /* Build configuration list for PBXNativeTarget "drehknoppTests" */ = {
			isa = XCConfigurationList;
			buildConfigurations = (
				E0DD3A662D674DC2003204CB /* Debug */,
				E0DD3A672D674DC2003204CB /* Release */,
			);
			defaultConfigurationIsVisible = 0;
			defaultConfigurationName = Release;
		};
		E0DD3A682D674DC2003204CB /* Build configuration list for PBXNativeTarget "drehknoppUITests" */ = {
			isa = XCConfigurationList;
			buildConfigurations = (
				E0DD3A692D674DC2003204CB /* Debug */,
				E0DD3A6A2D674DC2003204CB /* Release */,
			);
			defaultConfigurationIsVisible = 0;
			defaultConfigurationName = Release;
		};
/* End XCConfigurationList section */
	};
	rootObject = E0DD3A362D674DC0003204CB /* Project object */;
}
